
Microsoft Visual Studio Solution File, Format Version 12.00
# Visual Studio Version 17
VisualStudioVersion = 17.12.35514.174
MinimumVisualStudioVersion = 10.0.40219.1
Project("{FAE04EC0-301F-11D3-BF4B-00C04F79EFBC}") = "SummaryService.DataProvider.PostgreSql.Ef", "src\SummaryService.DataProvider.PostgreSql.Ef\SummaryService.DataProvider.PostgreSql.Ef.csproj", "{D53FA101-C6BC-41A3-B9A8-E81C5823426C}"
EndProject
Project("{FAE04EC0-301F-11D3-BF4B-00C04F79EFBC}") = "SummaryService", "src\SummaryService\SummaryService.csproj", "{2AAD4DD9-67E1-46E4-8DF9-52026433694C}"
EndProject
Project("{FAE04EC0-301F-11D3-BF4B-00C04F79EFBC}") = "SummaryService.Data", "src\SummaryService.Data\SummaryService.Data.csproj", "{93977E48-CA37-4ACE-95D9-21254F63812C}"
EndProject
Project("{FAE04EC0-301F-11D3-BF4B-00C04F79EFBC}") = "SummaryService.Models.Db", "src\SummaryService.Models.Db\SummaryService.Models.Db.csproj", "{CA35F5DA-2F51-474A-B86C-80D7BAC52226}"
EndProject
Project("{FAE04EC0-301F-11D3-BF4B-00C04F79EFBC}") = "SummaryService.Models.Dto", "src\SummaryService.Models.Dto\SummaryService.Models.Dto.csproj", "{C7FE08CB-DD7A-4D76-8BE9-8F5852CC42A7}"
EndProject
Project("{FAE04EC0-301F-11D3-BF4B-00C04F79EFBC}") = "SummaryService.Broker", "src\SummaryService.Broker\SummaryService.Broker.csproj", "{B4BD3354-8170-40ED-B6C4-30314B3BB2C2}"
EndProject
Project("{FAE04EC0-301F-11D3-BF4B-00C04F79EFBC}") = "SummaryService.Business", "src\SummaryService.Business\SummaryService.Business.csproj", "{4EDE90CB-AB43-43A1-8815-F08995EB935B}"
EndProject
Project("{FAE04EC0-301F-11D3-BF4B-00C04F79EFBC}") = "SummaryService.Data.Provider", "src\SummaryService.Data.Provider\SummaryService.Data.Provider.csproj", "{EC754E4A-D2C9-479D-88A3-3DC2F2834A96}"
EndProject
Global
	GlobalSection(SolutionConfigurationPlatforms) = preSolution
		Debug|Any CPU = Debug|Any CPU
		Release|Any CPU = Release|Any CPU
	EndGlobalSection
	GlobalSection(ProjectConfigurationPlatforms) = postSolution
		{D53FA101-C6BC-41A3-B9A8-E81C5823426C}.Debug|Any CPU.ActiveCfg = Debug|Any CPU
		{D53FA101-C6BC-41A3-B9A8-E81C5823426C}.Debug|Any CPU.Build.0 = Debug|Any CPU
		{D53FA101-C6BC-41A3-B9A8-E81C5823426C}.Release|Any CPU.ActiveCfg = Release|Any CPU
		{D53FA101-C6BC-41A3-B9A8-E81C5823426C}.Release|Any CPU.Build.0 = Release|Any CPU
		{2AAD4DD9-67E1-46E4-8DF9-52026433694C}.Debug|Any CPU.ActiveCfg = Debug|Any CPU
		{2AAD4DD9-67E1-46E4-8DF9-52026433694C}.Debug|Any CPU.Build.0 = Debug|Any CPU
		{2AAD4DD9-67E1-46E4-8DF9-52026433694C}.Release|Any CPU.ActiveCfg = Release|Any CPU
		{2AAD4DD9-67E1-46E4-8DF9-52026433694C}.Release|Any CPU.Build.0 = Release|Any CPU
		{93977E48-CA37-4ACE-95D9-21254F63812C}.Debug|Any CPU.ActiveCfg = Debug|Any CPU
		{93977E48-CA37-4ACE-95D9-21254F63812C}.Debug|Any CPU.Build.0 = Debug|Any CPU
		{93977E48-CA37-4ACE-95D9-21254F63812C}.Release|Any CPU.ActiveCfg = Release|Any CPU
		{93977E48-CA37-4ACE-95D9-21254F63812C}.Release|Any CPU.Build.0 = Release|Any CPU
		{CA35F5DA-2F51-474A-B86C-80D7BAC52226}.Debug|Any CPU.ActiveCfg = Debug|Any CPU
		{CA35F5DA-2F51-474A-B86C-80D7BAC52226}.Debug|Any CPU.Build.0 = Debug|Any CPU
		{CA35F5DA-2F51-474A-B86C-80D7BAC52226}.Release|Any CPU.ActiveCfg = Release|Any CPU
		{CA35F5DA-2F51-474A-B86C-80D7BAC52226}.Release|Any CPU.Build.0 = Release|Any CPU
		{C7FE08CB-DD7A-4D76-8BE9-8F5852CC42A7}.Debug|Any CPU.ActiveCfg = Debug|Any CPU
		{C7FE08CB-DD7A-4D76-8BE9-8F5852CC42A7}.Debug|Any CPU.Build.0 = Debug|Any CPU
		{C7FE08CB-DD7A-4D76-8BE9-8F5852CC42A7}.Release|Any CPU.ActiveCfg = Release|Any CPU
		{C7FE08CB-DD7A-4D76-8BE9-8F5852CC42A7}.Release|Any CPU.Build.0 = Release|Any CPU
		{B4BD3354-8170-40ED-B6C4-30314B3BB2C2}.Debug|Any CPU.ActiveCfg = Debug|Any CPU
		{B4BD3354-8170-40ED-B6C4-30314B3BB2C2}.Debug|Any CPU.Build.0 = Debug|Any CPU
		{B4BD3354-8170-40ED-B6C4-30314B3BB2C2}.Release|Any CPU.ActiveCfg = Release|Any CPU
		{B4BD3354-8170-40ED-B6C4-30314B3BB2C2}.Release|Any CPU.Build.0 = Release|Any CPU
		{4EDE90CB-AB43-43A1-8815-F08995EB935B}.Debug|Any CPU.ActiveCfg = Debug|Any CPU
		{4EDE90CB-AB43-43A1-8815-F08995EB935B}.Debug|Any CPU.Build.0 = Debug|Any CPU
		{4EDE90CB-AB43-43A1-8815-F08995EB935B}.Release|Any CPU.ActiveCfg = Release|Any CPU
		{4EDE90CB-AB43-43A1-8815-F08995EB935B}.Release|Any CPU.Build.0 = Release|Any CPU
		{EC754E4A-D2C9-479D-88A3-3DC2F2834A96}.Debug|Any CPU.ActiveCfg = Debug|Any CPU
		{EC754E4A-D2C9-479D-88A3-3DC2F2834A96}.Debug|Any CPU.Build.0 = Debug|Any CPU
		{EC754E4A-D2C9-479D-88A3-3DC2F2834A96}.Release|Any CPU.ActiveCfg = Release|Any CPU
		{EC754E4A-D2C9-479D-88A3-3DC2F2834A96}.Release|Any CPU.Build.0 = Release|Any CPU
	EndGlobalSection
	GlobalSection(SolutionProperties) = preSolution
		HideSolutionNode = FALSE
	EndGlobalSection
EndGlobal
